
Microsoft Visual Studio Solution File, Format Version 12.00
# Visual Studio 15
VisualStudioVersion = 15.0.26430.14
MinimumVisualStudioVersion = 10.0.40219.1
Project("{FAE04EC0-301F-11D3-BF4B-00C04F79EFBC}") = "SmartGlass.App", "SmartGlass.App\SmartGlass.App.csproj", "{D5DE5FF4-17E3-44B5-AF7D-A6231DC7B0E0}"
EndProject
Project("{FAE04EC0-301F-11D3-BF4B-00C04F79EFBC}") = "SmartGlass.Core", "SmartGlass.Core\SmartGlass.Core.csproj", "{2DFA4244-9A72-42B9-BBE7-30730CBB09CE}"
EndProject
Project("{FAE04EC0-301F-11D3-BF4B-00C04F79EFBC}") = "SmartGlass.Clock", "SmartGlass.Clock\SmartGlass.Clock.csproj", "{98783425-1DD6-4AB5-A046-55942AAD40AE}"
EndProject
Project("{FAE04EC0-301F-11D3-BF4B-00C04F79EFBC}") = "SmartGlass.Radio", "SmartGlass.Radio\SmartGlass.Radio.csproj", "{4241975D-104D-4584-A64D-ED791847A524}"
EndProject
Project("{FAE04EC0-301F-11D3-BF4B-00C04F79EFBC}") = "SmartGlass.Video", "SmartGlass.Video\SmartGlass.Video.csproj", "{DA31883E-8716-44FF-B672-29886A937CF9}"
EndProject
Project("{FAE04EC0-301F-11D3-BF4B-00C04F79EFBC}") = "SmartGlass.News", "SmartGlass.News\SmartGlass.News.csproj", "{D137B3F2-75F8-4506-8B7E-D542D09DB428}"
EndProject
Project("{FAE04EC0-301F-11D3-BF4B-00C04F79EFBC}") = "SmartGlass.Weather", "SmartGlass.Weather\SmartGlass.Weather.csproj", "{A307BAC0-0549-4F94-996F-AFE8F79D0648}"
EndProject
Global
	GlobalSection(SolutionConfigurationPlatforms) = preSolution
		Debug|Any CPU = Debug|Any CPU
		Debug|ARM = Debug|ARM
		Debug|x64 = Debug|x64
		Debug|x86 = Debug|x86
		Release|Any CPU = Release|Any CPU
		Release|ARM = Release|ARM
		Release|x64 = Release|x64
		Release|x86 = Release|x86
	EndGlobalSection
	GlobalSection(ProjectConfigurationPlatforms) = postSolution
		{D5DE5FF4-17E3-44B5-AF7D-A6231DC7B0E0}.Debug|Any CPU.ActiveCfg = Debug|x64
		{D5DE5FF4-17E3-44B5-AF7D-A6231DC7B0E0}.Debug|Any CPU.Build.0 = Debug|x64
		{D5DE5FF4-17E3-44B5-AF7D-A6231DC7B0E0}.Debug|Any CPU.Deploy.0 = Debug|x64
		{D5DE5FF4-17E3-44B5-AF7D-A6231DC7B0E0}.Debug|ARM.ActiveCfg = Debug|ARM
		{D5DE5FF4-17E3-44B5-AF7D-A6231DC7B0E0}.Debug|ARM.Build.0 = Debug|ARM
		{D5DE5FF4-17E3-44B5-AF7D-A6231DC7B0E0}.Debug|ARM.Deploy.0 = Debug|ARM
		{D5DE5FF4-17E3-44B5-AF7D-A6231DC7B0E0}.Debug|x64.ActiveCfg = Debug|x64
		{D5DE5FF4-17E3-44B5-AF7D-A6231DC7B0E0}.Debug|x64.Build.0 = Debug|x64
		{D5DE5FF4-17E3-44B5-AF7D-A6231DC7B0E0}.Debug|x64.Deploy.0 = Debug|x64
		{D5DE5FF4-17E3-44B5-AF7D-A6231DC7B0E0}.Debug|x86.ActiveCfg = Debug|x86
		{D5DE5FF4-17E3-44B5-AF7D-A6231DC7B0E0}.Debug|x86.Build.0 = Debug|x86
		{D5DE5FF4-17E3-44B5-AF7D-A6231DC7B0E0}.Debug|x86.Deploy.0 = Debug|x86
		{D5DE5FF4-17E3-44B5-AF7D-A6231DC7B0E0}.Release|Any CPU.ActiveCfg = Release|x86
		{D5DE5FF4-17E3-44B5-AF7D-A6231DC7B0E0}.Release|ARM.ActiveCfg = Release|ARM
		{D5DE5FF4-17E3-44B5-AF7D-A6231DC7B0E0}.Release|ARM.Build.0 = Release|ARM
		{D5DE5FF4-17E3-44B5-AF7D-A6231DC7B0E0}.Release|ARM.Deploy.0 = Release|ARM
		{D5DE5FF4-17E3-44B5-AF7D-A6231DC7B0E0}.Release|x64.ActiveCfg = Release|x64
		{D5DE5FF4-17E3-44B5-AF7D-A6231DC7B0E0}.Release|x64.Build.0 = Release|x64
		{D5DE5FF4-17E3-44B5-AF7D-A6231DC7B0E0}.Release|x64.Deploy.0 = Release|x64
		{D5DE5FF4-17E3-44B5-AF7D-A6231DC7B0E0}.Release|x86.ActiveCfg = Release|x86
		{D5DE5FF4-17E3-44B5-AF7D-A6231DC7B0E0}.Release|x86.Build.0 = Release|x86
		{D5DE5FF4-17E3-44B5-AF7D-A6231DC7B0E0}.Release|x86.Deploy.0 = Release|x86
		{2DFA4244-9A72-42B9-BBE7-30730CBB09CE}.Debug|Any CPU.ActiveCfg = Debug|Any CPU
		{2DFA4244-9A72-42B9-BBE7-30730CBB09CE}.Debug|Any CPU.Build.0 = Debug|Any CPU
		{2DFA4244-9A72-42B9-BBE7-30730CBB09CE}.Debug|ARM.ActiveCfg = Debug|ARM
		{2DFA4244-9A72-42B9-BBE7-30730CBB09CE}.Debug|ARM.Build.0 = Debug|ARM
		{2DFA4244-9A72-42B9-BBE7-30730CBB09CE}.Debug|x64.ActiveCfg = Debug|x64
		{2DFA4244-9A72-42B9-BBE7-30730CBB09CE}.Debug|x64.Build.0 = Debug|x64
		{2DFA4244-9A72-42B9-BBE7-30730CBB09CE}.Debug|x86.ActiveCfg = Debug|x86
		{2DFA4244-9A72-42B9-BBE7-30730CBB09CE}.Debug|x86.Build.0 = Debug|x86
		{2DFA4244-9A72-42B9-BBE7-30730CBB09CE}.Release|Any CPU.ActiveCfg = Release|Any CPU
		{2DFA4244-9A72-42B9-BBE7-30730CBB09CE}.Release|Any CPU.Build.0 = Release|Any CPU
		{2DFA4244-9A72-42B9-BBE7-30730CBB09CE}.Release|ARM.ActiveCfg = Release|ARM
		{2DFA4244-9A72-42B9-BBE7-30730CBB09CE}.Release|ARM.Build.0 = Release|ARM
		{2DFA4244-9A72-42B9-BBE7-30730CBB09CE}.Release|x64.ActiveCfg = Release|x64
		{2DFA4244-9A72-42B9-BBE7-30730CBB09CE}.Release|x64.Build.0 = Release|x64
		{2DFA4244-9A72-42B9-BBE7-30730CBB09CE}.Release|x86.ActiveCfg = Release|x86
		{2DFA4244-9A72-42B9-BBE7-30730CBB09CE}.Release|x86.Build.0 = Release|x86
		{98783425-1DD6-4AB5-A046-55942AAD40AE}.Debug|Any CPU.ActiveCfg = Debug|Any CPU
		{98783425-1DD6-4AB5-A046-55942AAD40AE}.Debug|Any CPU.Build.0 = Debug|Any CPU
		{98783425-1DD6-4AB5-A046-55942AAD40AE}.Debug|ARM.ActiveCfg = Debug|ARM
		{98783425-1DD6-4AB5-A046-55942AAD40AE}.Debug|ARM.Build.0 = Debug|ARM
		{98783425-1DD6-4AB5-A046-55942AAD40AE}.Debug|x64.ActiveCfg = Debug|x64
		{98783425-1DD6-4AB5-A046-55942AAD40AE}.Debug|x64.Build.0 = Debug|x64
		{98783425-1DD6-4AB5-A046-55942AAD40AE}.Debug|x86.ActiveCfg = Debug|x86
		{98783425-1DD6-4AB5-A046-55942AAD40AE}.Debug|x86.Build.0 = Debug|x86
		{98783425-1DD6-4AB5-A046-55942AAD40AE}.Release|Any CPU.ActiveCfg = Release|Any CPU
		{98783425-1DD6-4AB5-A046-55942AAD40AE}.Release|Any CPU.Build.0 = Release|Any CPU
		{98783425-1DD6-4AB5-A046-55942AAD40AE}.Release|ARM.ActiveCfg = Release|ARM
		{98783425-1DD6-4AB5-A046-55942AAD40AE}.Release|ARM.Build.0 = Release|ARM
		{98783425-1DD6-4AB5-A046-55942AAD40AE}.Release|x64.ActiveCfg = Release|x64
		{98783425-1DD6-4AB5-A046-55942AAD40AE}.Release|x64.Build.0 = Release|x64
		{98783425-1DD6-4AB5-A046-55942AAD40AE}.Release|x86.ActiveCfg = Release|x86
		{98783425-1DD6-4AB5-A046-55942AAD40AE}.Release|x86.Build.0 = Release|x86
		{4241975D-104D-4584-A64D-ED791847A524}.Debug|Any CPU.ActiveCfg = Debug|Any CPU
		{4241975D-104D-4584-A64D-ED791847A524}.Debug|Any CPU.Build.0 = Debug|Any CPU
		{4241975D-104D-4584-A64D-ED791847A524}.Debug|ARM.ActiveCfg = Debug|ARM
		{4241975D-104D-4584-A64D-ED791847A524}.Debug|ARM.Build.0 = Debug|ARM
		{4241975D-104D-4584-A64D-ED791847A524}.Debug|x64.ActiveCfg = Debug|x64
		{4241975D-104D-4584-A64D-ED791847A524}.Debug|x64.Build.0 = Debug|x64
		{4241975D-104D-4584-A64D-ED791847A524}.Debug|x86.ActiveCfg = Debug|x86
		{4241975D-104D-4584-A64D-ED791847A524}.Debug|x86.Build.0 = Debug|x86
		{4241975D-104D-4584-A64D-ED791847A524}.Release|Any CPU.ActiveCfg = Release|Any CPU
		{4241975D-104D-4584-A64D-ED791847A524}.Release|Any CPU.Build.0 = Release|Any CPU
		{4241975D-104D-4584-A64D-ED791847A524}.Release|ARM.ActiveCfg = Release|ARM
		{4241975D-104D-4584-A64D-ED791847A524}.Release|ARM.Build.0 = Release|ARM
		{4241975D-104D-4584-A64D-ED791847A524}.Release|x64.ActiveCfg = Release|x64
		{4241975D-104D-4584-A64D-ED791847A524}.Release|x64.Build.0 = Release|x64
		{4241975D-104D-4584-A64D-ED791847A524}.Release|x86.ActiveCfg = Release|x86
		{4241975D-104D-4584-A64D-ED791847A524}.Release|x86.Build.0 = Release|x86
		{DA31883E-8716-44FF-B672-29886A937CF9}.Debug|Any CPU.ActiveCfg = Debug|Any CPU
		{DA31883E-8716-44FF-B672-29886A937CF9}.Debug|Any CPU.Build.0 = Debug|Any CPU
		{DA31883E-8716-44FF-B672-29886A937CF9}.Debug|ARM.ActiveCfg = Debug|ARM
		{DA31883E-8716-44FF-B672-29886A937CF9}.Debug|ARM.Build.0 = Debug|ARM
		{DA31883E-8716-44FF-B672-29886A937CF9}.Debug|x64.ActiveCfg = Debug|x64
		{DA31883E-8716-44FF-B672-29886A937CF9}.Debug|x64.Build.0 = Debug|x64
		{DA31883E-8716-44FF-B672-29886A937CF9}.Debug|x86.ActiveCfg = Debug|x86
		{DA31883E-8716-44FF-B672-29886A937CF9}.Debug|x86.Build.0 = Debug|x86
		{DA31883E-8716-44FF-B672-29886A937CF9}.Release|Any CPU.ActiveCfg = Release|Any CPU
		{DA31883E-8716-44FF-B672-29886A937CF9}.Release|Any CPU.Build.0 = Release|Any CPU
		{DA31883E-8716-44FF-B672-29886A937CF9}.Release|ARM.ActiveCfg = Release|ARM
		{DA31883E-8716-44FF-B672-29886A937CF9}.Release|ARM.Build.0 = Release|ARM
		{DA31883E-8716-44FF-B672-29886A937CF9}.Release|x64.ActiveCfg = Release|x64
		{DA31883E-8716-44FF-B672-29886A937CF9}.Release|x64.Build.0 = Release|x64
		{DA31883E-8716-44FF-B672-29886A937CF9}.Release|x86.ActiveCfg = Release|x86
		{DA31883E-8716-44FF-B672-29886A937CF9}.Release|x86.Build.0 = Release|x86
		{D137B3F2-75F8-4506-8B7E-D542D09DB428}.Debug|Any CPU.ActiveCfg = Debug|Any CPU
		{D137B3F2-75F8-4506-8B7E-D542D09DB428}.Debug|Any CPU.Build.0 = Debug|Any CPU
		{D137B3F2-75F8-4506-8B7E-D542D09DB428}.Debug|ARM.ActiveCfg = Debug|ARM
		{D137B3F2-75F8-4506-8B7E-D542D09DB428}.Debug|ARM.Build.0 = Debug|ARM
		{D137B3F2-75F8-4506-8B7E-D542D09DB428}.Debug|x64.ActiveCfg = Debug|x64
		{D137B3F2-75F8-4506-8B7E-D542D09DB428}.Debug|x64.Build.0 = Debug|x64
		{D137B3F2-75F8-4506-8B7E-D542D09DB428}.Debug|x86.ActiveCfg = Debug|x86
		{D137B3F2-75F8-4506-8B7E-D542D09DB428}.Debug|x86.Build.0 = Debug|x86
		{D137B3F2-75F8-4506-8B7E-D542D09DB428}.Release|Any CPU.ActiveCfg = Release|Any CPU
		{D137B3F2-75F8-4506-8B7E-D542D09DB428}.Release|Any CPU.Build.0 = Release|Any CPU
		{D137B3F2-75F8-4506-8B7E-D542D09DB428}.Release|ARM.ActiveCfg = Release|ARM
		{D137B3F2-75F8-4506-8B7E-D542D09DB428}.Release|ARM.Build.0 = Release|ARM
		{D137B3F2-75F8-4506-8B7E-D542D09DB428}.Release|x64.ActiveCfg = Release|x64
		{D137B3F2-75F8-4506-8B7E-D542D09DB428}.Release|x64.Build.0 = Release|x64
		{D137B3F2-75F8-4506-8B7E-D542D09DB428}.Release|x86.ActiveCfg = Release|x86
		{D137B3F2-75F8-4506-8B7E-D542D09DB428}.Release|x86.Build.0 = Release|x86
		{A307BAC0-0549-4F94-996F-AFE8F79D0648}.Debug|Any CPU.ActiveCfg = Debug|Any CPU
		{A307BAC0-0549-4F94-996F-AFE8F79D0648}.Debug|Any CPU.Build.0 = Debug|Any CPU
		{A307BAC0-0549-4F94-996F-AFE8F79D0648}.Debug|ARM.ActiveCfg = Debug|ARM
		{A307BAC0-0549-4F94-996F-AFE8F79D0648}.Debug|ARM.Build.0 = Debug|ARM
		{A307BAC0-0549-4F94-996F-AFE8F79D0648}.Debug|x64.ActiveCfg = Debug|x64
		{A307BAC0-0549-4F94-996F-AFE8F79D0648}.Debug|x64.Build.0 = Debug|x64
		{A307BAC0-0549-4F94-996F-AFE8F79D0648}.Debug|x86.ActiveCfg = Debug|x86
		{A307BAC0-0549-4F94-996F-AFE8F79D0648}.Debug|x86.Build.0 = Debug|x86
		{A307BAC0-0549-4F94-996F-AFE8F79D0648}.Release|Any CPU.ActiveCfg = Release|Any CPU
		{A307BAC0-0549-4F94-996F-AFE8F79D0648}.Release|Any CPU.Build.0 = Release|Any CPU
		{A307BAC0-0549-4F94-996F-AFE8F79D0648}.Release|ARM.ActiveCfg = Release|ARM
		{A307BAC0-0549-4F94-996F-AFE8F79D0648}.Release|ARM.Build.0 = Release|ARM
		{A307BAC0-0549-4F94-996F-AFE8F79D0648}.Release|x64.ActiveCfg = Release|x64
		{A307BAC0-0549-4F94-996F-AFE8F79D0648}.Release|x64.Build.0 = Release|x64
		{A307BAC0-0549-4F94-996F-AFE8F79D0648}.Release|x86.ActiveCfg = Release|x86
		{A307BAC0-0549-4F94-996F-AFE8F79D0648}.Release|x86.Build.0 = Release|x86
	EndGlobalSection
	GlobalSection(SolutionProperties) = preSolution
		HideSolutionNode = FALSE
	EndGlobalSection
EndGlobal
